
Microsoft Visual Studio Solution File, Format Version 12.00
# Visual Studio Version 17
VisualStudioVersion = 17.1.32407.343
MinimumVisualStudioVersion = 10.0.40219.1
Project("{9A19103F-16F7-4668-BE54-9A1E7A4F7556}") = "Builder", "Builder\Builder.csproj", "{C6DE82EB-B9EB-4DFF-ADFF-76BA3558C607}"
EndProject
Project("{9A19103F-16F7-4668-BE54-9A1E7A4F7556}") = "Factory", "Factory\Factory.csproj", "{E2146B52-C910-4617-BC32-388545E595EA}"
EndProject
Project("{9A19103F-16F7-4668-BE54-9A1E7A4F7556}") = "AbstractFactory", "AbstractFactory\AbstractFactory.csproj", "{E1D9FBEB-F369-4DF0-B03C-9AB13E180495}"
EndProject
Project("{9A19103F-16F7-4668-BE54-9A1E7A4F7556}") = "Prototype", "Prototype\Prototype.csproj", "{2A8F85D0-BDB0-4BA4-91EC-6DA74995B829}"
EndProject
Project("{9A19103F-16F7-4668-BE54-9A1E7A4F7556}") = "Singleton", "Singleton\Singleton.csproj", "{6C7554E8-EB22-4572-A920-78D2B1832DEC}"
EndProject
Project("{9A19103F-16F7-4668-BE54-9A1E7A4F7556}") = "Strategia", "Strategia\Strategia.csproj", "{81C9E4B2-7C00-473E-9928-501EAE1DF599}"
EndProject
Project("{FAE04EC0-301F-11D3-BF4B-00C04F79EFBC}") = "ChainOfResponsibility", "ChainOfResponsibility\ChainOfResponsibility.csproj", "{1426E5B0-840B-4122-BF9F-B9A7B4FD3CE2}"
EndProject
Global
	GlobalSection(SolutionConfigurationPlatforms) = preSolution
		Debug|Any CPU = Debug|Any CPU
		Release|Any CPU = Release|Any CPU
	EndGlobalSection
	GlobalSection(ProjectConfigurationPlatforms) = postSolution
		{C6DE82EB-B9EB-4DFF-ADFF-76BA3558C607}.Debug|Any CPU.ActiveCfg = Debug|Any CPU
		{C6DE82EB-B9EB-4DFF-ADFF-76BA3558C607}.Debug|Any CPU.Build.0 = Debug|Any CPU
		{C6DE82EB-B9EB-4DFF-ADFF-76BA3558C607}.Release|Any CPU.ActiveCfg = Release|Any CPU
		{C6DE82EB-B9EB-4DFF-ADFF-76BA3558C607}.Release|Any CPU.Build.0 = Release|Any CPU
		{E2146B52-C910-4617-BC32-388545E595EA}.Debug|Any CPU.ActiveCfg = Debug|Any CPU
		{E2146B52-C910-4617-BC32-388545E595EA}.Debug|Any CPU.Build.0 = Debug|Any CPU
		{E2146B52-C910-4617-BC32-388545E595EA}.Release|Any CPU.ActiveCfg = Release|Any CPU
		{E2146B52-C910-4617-BC32-388545E595EA}.Release|Any CPU.Build.0 = Release|Any CPU
		{E1D9FBEB-F369-4DF0-B03C-9AB13E180495}.Debug|Any CPU.ActiveCfg = Debug|Any CPU
		{E1D9FBEB-F369-4DF0-B03C-9AB13E180495}.Debug|Any CPU.Build.0 = Debug|Any CPU
		{E1D9FBEB-F369-4DF0-B03C-9AB13E180495}.Release|Any CPU.ActiveCfg = Release|Any CPU
		{E1D9FBEB-F369-4DF0-B03C-9AB13E180495}.Release|Any CPU.Build.0 = Release|Any CPU
		{2A8F85D0-BDB0-4BA4-91EC-6DA74995B829}.Debug|Any CPU.ActiveCfg = Debug|Any CPU
		{2A8F85D0-BDB0-4BA4-91EC-6DA74995B829}.Debug|Any CPU.Build.0 = Debug|Any CPU
		{2A8F85D0-BDB0-4BA4-91EC-6DA74995B829}.Release|Any CPU.ActiveCfg = Release|Any CPU
		{2A8F85D0-BDB0-4BA4-91EC-6DA74995B829}.Release|Any CPU.Build.0 = Release|Any CPU
		{6C7554E8-EB22-4572-A920-78D2B1832DEC}.Debug|Any CPU.ActiveCfg = Debug|Any CPU
		{6C7554E8-EB22-4572-A920-78D2B1832DEC}.Debug|Any CPU.Build.0 = Debug|Any CPU
		{6C7554E8-EB22-4572-A920-78D2B1832DEC}.Release|Any CPU.ActiveCfg = Release|Any CPU
		{6C7554E8-EB22-4572-A920-78D2B1832DEC}.Release|Any CPU.Build.0 = Release|Any CPU
		{81C9E4B2-7C00-473E-9928-501EAE1DF599}.Debug|Any CPU.ActiveCfg = Debug|Any CPU
		{81C9E4B2-7C00-473E-9928-501EAE1DF599}.Debug|Any CPU.Build.0 = Debug|Any CPU
		{81C9E4B2-7C00-473E-9928-501EAE1DF599}.Release|Any CPU.ActiveCfg = Release|Any CPU
		{81C9E4B2-7C00-473E-9928-501EAE1DF599}.Release|Any CPU.Build.0 = Release|Any CPU
		{1426E5B0-840B-4122-BF9F-B9A7B4FD3CE2}.Debug|Any CPU.ActiveCfg = Debug|Any CPU
		{1426E5B0-840B-4122-BF9F-B9A7B4FD3CE2}.Debug|Any CPU.Build.0 = Debug|Any CPU
		{1426E5B0-840B-4122-BF9F-B9A7B4FD3CE2}.Release|Any CPU.ActiveCfg = Release|Any CPU
		{1426E5B0-840B-4122-BF9F-B9A7B4FD3CE2}.Release|Any CPU.Build.0 = Release|Any CPU
	EndGlobalSection
	GlobalSection(SolutionProperties) = preSolution
		HideSolutionNode = FALSE
	EndGlobalSection
	GlobalSection(ExtensibilityGlobals) = postSolution
		SolutionGuid = {8F3C016B-1F46-4090-9162-6C812B33F0FF}
	EndGlobalSection
EndGlobal
